
Microsoft Visual Studio Solution File, Format Version 12.00
# Visual Studio Version 17
VisualStudioVersion = 17.0.31903.59
MinimumVisualStudioVersion = 10.0.40219.1
Project("{FAE04EC0-301F-11D3-BF4B-00C04F79EFBC}") = "lib", "lib\lib.csproj", "{16FF4351-7C02-44D2-AB6B-BA305C2414AE}"
EndProject
Project("{FAE04EC0-301F-11D3-BF4B-00C04F79EFBC}") = "test", "test\test.csproj", "{CF757790-17FC-4620-8DF7-971C1375644C}"
EndProject
Global
	GlobalSection(SolutionConfigurationPlatforms) = preSolution
		Debug|Any CPU = Debug|Any CPU
		Release|Any CPU = Release|Any CPU
	EndGlobalSection
	GlobalSection(SolutionProperties) = preSolution
		HideSolutionNode = FALSE
	EndGlobalSection
	GlobalSection(ProjectConfigurationPlatforms) = postSolution
		{16FF4351-7C02-44D2-AB6B-BA305C2414AE}.Debug|Any CPU.ActiveCfg = Debug|Any CPU
		{16FF4351-7C02-44D2-AB6B-BA305C2414AE}.Debug|Any CPU.Build.0 = Debug|Any CPU
		{16FF4351-7C02-44D2-AB6B-BA305C2414AE}.Release|Any CPU.ActiveCfg = Release|Any CPU
		{16FF4351-7C02-44D2-AB6B-BA305C2414AE}.Release|Any CPU.Build.0 = Release|Any CPU
		{CF757790-17FC-4620-8DF7-971C1375644C}.Debug|Any CPU.ActiveCfg = Debug|Any CPU
		{CF757790-17FC-4620-8DF7-971C1375644C}.Debug|Any CPU.Build.0 = Debug|Any CPU
		{CF757790-17FC-4620-8DF7-971C1375644C}.Release|Any CPU.ActiveCfg = Release|Any CPU
		{CF757790-17FC-4620-8DF7-971C1375644C}.Release|Any CPU.Build.0 = Release|Any CPU
	EndGlobalSection
EndGlobal
